
Microsoft Visual Studio Solution File, Format Version 12.00
# Visual Studio Version 16
VisualStudioVersion = 16.0.30011.22
MinimumVisualStudioVersion = 10.0.40219.1
Project("{9A19103F-16F7-4668-BE54-9A1E7A4F7556}") = "ArtGallery.Identity", "ArtGallery.Identity\ArtGallery.Identity.csproj", "{C2E79FFA-7E2F-45E8-B34E-BA301E3563B0}"
EndProject
Project("{9A19103F-16F7-4668-BE54-9A1E7A4F7556}") = "ArtGallery.Common", "ArtGallery.Common\ArtGallery.Common.csproj", "{CCD68563-C8A8-4B0A-90E7-89A3482E6E2E}"
EndProject
Project("{9A19103F-16F7-4668-BE54-9A1E7A4F7556}") = "ArtGallery.Items", "ArtGallery.Items\ArtGallery.Items.csproj", "{6BA5AFD5-B39F-442D-9334-7FD356BC0002}"
EndProject
Project("{9A19103F-16F7-4668-BE54-9A1E7A4F7556}") = "ArtGallery.Blog", "ArtGallery.Blog\ArtGallery.Blog.csproj", "{FDD8759A-3C74-42ED-AA39-7D272BA890D5}"
EndProject
Project("{9A19103F-16F7-4668-BE54-9A1E7A4F7556}") = "ArtGallery.Orders", "ArtGallery.Orders\ArtGallery.Orders.csproj", "{3D480DAE-38DF-4BC8-826C-5E994B4D1FC0}"
EndProject
Project("{9A19103F-16F7-4668-BE54-9A1E7A4F7556}") = "ArtGallery.Statistics", "ArtGallery.Statistics\ArtGallery.Statistics.csproj", "{1D086F7B-FA9F-4871-BD03-303BECB352E9}"
EndProject
Global
	GlobalSection(SolutionConfigurationPlatforms) = preSolution
		Debug|Any CPU = Debug|Any CPU
		Release|Any CPU = Release|Any CPU
	EndGlobalSection
	GlobalSection(ProjectConfigurationPlatforms) = postSolution
		{C2E79FFA-7E2F-45E8-B34E-BA301E3563B0}.Debug|Any CPU.ActiveCfg = Release|Any CPU
		{C2E79FFA-7E2F-45E8-B34E-BA301E3563B0}.Debug|Any CPU.Build.0 = Release|Any CPU
		{C2E79FFA-7E2F-45E8-B34E-BA301E3563B0}.Release|Any CPU.ActiveCfg = Release|Any CPU
		{C2E79FFA-7E2F-45E8-B34E-BA301E3563B0}.Release|Any CPU.Build.0 = Release|Any CPU
		{CCD68563-C8A8-4B0A-90E7-89A3482E6E2E}.Debug|Any CPU.ActiveCfg = Release|Any CPU
		{CCD68563-C8A8-4B0A-90E7-89A3482E6E2E}.Debug|Any CPU.Build.0 = Release|Any CPU
		{CCD68563-C8A8-4B0A-90E7-89A3482E6E2E}.Release|Any CPU.ActiveCfg = Release|Any CPU
		{CCD68563-C8A8-4B0A-90E7-89A3482E6E2E}.Release|Any CPU.Build.0 = Release|Any CPU
		{6BA5AFD5-B39F-442D-9334-7FD356BC0002}.Debug|Any CPU.ActiveCfg = Release|Any CPU
		{6BA5AFD5-B39F-442D-9334-7FD356BC0002}.Debug|Any CPU.Build.0 = Release|Any CPU
		{6BA5AFD5-B39F-442D-9334-7FD356BC0002}.Release|Any CPU.ActiveCfg = Release|Any CPU
		{6BA5AFD5-B39F-442D-9334-7FD356BC0002}.Release|Any CPU.Build.0 = Release|Any CPU
		{FDD8759A-3C74-42ED-AA39-7D272BA890D5}.Debug|Any CPU.ActiveCfg = Release|Any CPU
		{FDD8759A-3C74-42ED-AA39-7D272BA890D5}.Debug|Any CPU.Build.0 = Release|Any CPU
		{FDD8759A-3C74-42ED-AA39-7D272BA890D5}.Release|Any CPU.ActiveCfg = Release|Any CPU
		{FDD8759A-3C74-42ED-AA39-7D272BA890D5}.Release|Any CPU.Build.0 = Release|Any CPU
		{3D480DAE-38DF-4BC8-826C-5E994B4D1FC0}.Debug|Any CPU.ActiveCfg = Release|Any CPU
		{3D480DAE-38DF-4BC8-826C-5E994B4D1FC0}.Debug|Any CPU.Build.0 = Release|Any CPU
		{3D480DAE-38DF-4BC8-826C-5E994B4D1FC0}.Release|Any CPU.ActiveCfg = Release|Any CPU
		{3D480DAE-38DF-4BC8-826C-5E994B4D1FC0}.Release|Any CPU.Build.0 = Release|Any CPU
		{1D086F7B-FA9F-4871-BD03-303BECB352E9}.Debug|Any CPU.ActiveCfg = Release|Any CPU
		{1D086F7B-FA9F-4871-BD03-303BECB352E9}.Debug|Any CPU.Build.0 = Release|Any CPU
		{1D086F7B-FA9F-4871-BD03-303BECB352E9}.Release|Any CPU.ActiveCfg = Release|Any CPU
		{1D086F7B-FA9F-4871-BD03-303BECB352E9}.Release|Any CPU.Build.0 = Release|Any CPU
	EndGlobalSection
	GlobalSection(SolutionProperties) = preSolution
		HideSolutionNode = FALSE
	EndGlobalSection
	GlobalSection(ExtensibilityGlobals) = postSolution
		SolutionGuid = {8D086714-1D48-4E82-895C-06C6DCB7AD32}
	EndGlobalSection
EndGlobal
